
Microsoft Visual Studio Solution File, Format Version 12.00
# Visual Studio Version 17
VisualStudioVersion = 17.5.002.0
MinimumVisualStudioVersion = 10.0.40219.1
Project("{9A19103F-16F7-4668-BE54-9A1E7A4F7556}") = "Estoque", "Estoque.csproj", "{C2B0F5D4-E4C6-47B2-BA8B-B57491AD3C9B}"
EndProject
Global
	GlobalSection(SolutionConfigurationPlatforms) = preSolution
		Debug|Any CPU = Debug|Any CPU
		Release|Any CPU = Release|Any CPU
	EndGlobalSection
	GlobalSection(ProjectConfigurationPlatforms) = postSolution
		{C2B0F5D4-E4C6-47B2-BA8B-B57491AD3C9B}.Debug|Any CPU.ActiveCfg = Debug|Any CPU
		{C2B0F5D4-E4C6-47B2-BA8B-B57491AD3C9B}.Debug|Any CPU.Build.0 = Debug|Any CPU
		{C2B0F5D4-E4C6-47B2-BA8B-B57491AD3C9B}.Release|Any CPU.ActiveCfg = Release|Any CPU
		{C2B0F5D4-E4C6-47B2-BA8B-B57491AD3C9B}.Release|Any CPU.Build.0 = Release|Any CPU
	EndGlobalSection
	GlobalSection(SolutionProperties) = preSolution
		HideSolutionNode = FALSE
	EndGlobalSection
	GlobalSection(ExtensibilityGlobals) = postSolution
		SolutionGuid = {16834FB7-E097-47A2-9673-6A3B1C1DB473}
	EndGlobalSection
EndGlobal
